
Microsoft Visual Studio Solution File, Format Version 12.00
# Visual Studio Version 17
VisualStudioVersion = 17.5.002.0
MinimumVisualStudioVersion = 10.0.40219.1
Project("{9A19103F-16F7-4668-BE54-9A1E7A4F7556}") = "DotnetCoreFirebasePushNotification", "DotnetCoreFirebasePushNotification.csproj", "{3AF8F02F-73CC-4BDA-B7DD-E4BFAB77B900}"
EndProject
Global
	GlobalSection(SolutionConfigurationPlatforms) = preSolution
		Debug|Any CPU = Debug|Any CPU
		Release|Any CPU = Release|Any CPU
	EndGlobalSection
	GlobalSection(ProjectConfigurationPlatforms) = postSolution
		{3AF8F02F-73CC-4BDA-B7DD-E4BFAB77B900}.Debug|Any CPU.ActiveCfg = Debug|Any CPU
		{3AF8F02F-73CC-4BDA-B7DD-E4BFAB77B900}.Debug|Any CPU.Build.0 = Debug|Any CPU
		{3AF8F02F-73CC-4BDA-B7DD-E4BFAB77B900}.Release|Any CPU.ActiveCfg = Release|Any CPU
		{3AF8F02F-73CC-4BDA-B7DD-E4BFAB77B900}.Release|Any CPU.Build.0 = Release|Any CPU
	EndGlobalSection
	GlobalSection(SolutionProperties) = preSolution
		HideSolutionNode = FALSE
	EndGlobalSection
	GlobalSection(ExtensibilityGlobals) = postSolution
		SolutionGuid = {262F8EDD-A6E8-4906-B259-C99FA6937127}
	EndGlobalSection
EndGlobal
